PODS:
  - Flutter (1.0.0)
  - integration_test (0.0.1):
    - Flutter
  - super_keyboard (0.0.1):
    - Flutter

DEPENDENCIES:
  - Flutter (from `Flutter`)
  - integration_test (from `.symlinks/plugins/integration_test/ios`)
  - super_keyboard (from `.symlinks/plugins/super_keyboard/ios`)

EXTERNAL SOURCES:
  Flutter:
    :path: Flutter
  integration_test:
    :path: ".symlinks/plugins/integration_test/ios"
  super_keyboard:
    :path: ".symlinks/plugins/super_keyboard/ios"

SPEC CHECKSUMS:
  Flutter: e0871f40cf51350855a761d2e70bf5af5b9b5de7
  integration_test: 252f60fa39af5e17c3aa9899d35d908a0721b573
  super_keyboard: 8e7a8c2e2499f32476103eb3be4069f2545fc92a

PODFILE CHECKSUM: 819463e6a0290f5a72f145ba7cde16e8b6ef0796

COCOAPODS: 1.14.2
